
Microsoft Visual Studio Solution File, Format Version 12.00
# Visual Studio 14
VisualStudioVersion = 14.0.25420.1
MinimumVisualStudioVersion = 10.0.40219.1
Project("{2150E333-8FDC-42A3-9474-1A3956D46DE8}") = "Documents", "Documents", "{DAAE482F-C3D6-420F-A291-7CF00A7B59D9}"
EndProject
Project("{2150E333-8FDC-42A3-9474-1A3956D46DE8}") = "Design", "Design", "{53373F7B-F2BF-4C39-B183-FE1496071C8E}"
EndProject
Project("{2150E333-8FDC-42A3-9474-1A3956D46DE8}") = "CodingGuideline", "CodingGuideline", "{F08CF0F7-1E30-46AE-9C4B-14DF8499142C}"
	ProjectSection(SolutionItems) = preProject
		CodeRegion.txt = CodeRegion.txt
	EndProjectSection
EndProject
Project("{FAE04EC0-301F-11D3-BF4B-00C04F79EFBC}") = "IManage.Android", "IManage.Android\IManage.Android.csproj", "{6680FF3A-3F6E-421B-8448-FCD39D69C289}"
EndProject
Project("{FAE04EC0-301F-11D3-BF4B-00C04F79EFBC}") = "IManage.Core", "IManage.Core\IManage.Core.csproj", "{51F88299-A10C-46DF-9BB7-D891FDAD8C9C}"
EndProject
Project("{2150E333-8FDC-42A3-9474-1A3956D46DE8}") = "TestingNameConvention", "TestingNameConvention", "{FCA16862-00A1-4106-B840-54690E750138}"
	ProjectSection(SolutionItems) = preProject
		NamingConvention.txt = NamingConvention.txt
	EndProjectSection
EndProject
Project("{FAE04EC0-301F-11D3-BF4B-00C04F79EFBC}") = "IManage.Core.Tests", "IManage.Core.Tests\IManage.Core.Tests.csproj", "{0D8408FE-84B1-4FC0-AA0D-141FFF772DBC}"
EndProject
Project("{FAE04EC0-301F-11D3-BF4B-00C04F79EFBC}") = "IManage.Desktop.Tests", "IManage.Desktop.Tests\IManage.Desktop.Tests.csproj", "{C963FFE6-6DCD-4D28-B5CD-3A3508A87227}"
EndProject
Project("{FAE04EC0-301F-11D3-BF4B-00C04F79EFBC}") = "IManage.Service", "IManage.Service\IManage.Service.csproj", "{CE3F4D18-F721-4B7F-BA84-43C642AEE826}"
EndProject
Project("{FAE04EC0-301F-11D3-BF4B-00C04F79EFBC}") = "IManage.Service.Tests", "IManage.Service.Tests\IManage.Service.Tests.csproj", "{20635D30-8CA5-4BB4-9CC8-3CDEB67AC579}"
EndProject
Project("{FAE04EC0-301F-11D3-BF4B-00C04F79EFBC}") = "IManage.ServiceHost", "IManage.ServiceHost\IManage.ServiceHost.csproj", "{9688483F-61C8-456E-A368-E49895A2D3C6}"
EndProject
Project("{FAE04EC0-301F-11D3-BF4B-00C04F79EFBC}") = "IManage.Desktop", "IManage.Desktop\IManage.Desktop.csproj", "{C268F1EE-30E6-4D67-AC21-F444DA6243FF}"
EndProject
Global
	GlobalSection(SolutionConfigurationPlatforms) = preSolution
		Ad-Hoc|Any CPU = Ad-Hoc|Any CPU
		Ad-Hoc|ARM = Ad-Hoc|ARM
		Ad-Hoc|iPhone = Ad-Hoc|iPhone
		Ad-Hoc|iPhoneSimulator = Ad-Hoc|iPhoneSimulator
		Ad-Hoc|x64 = Ad-Hoc|x64
		Ad-Hoc|x86 = Ad-Hoc|x86
		AppStore|Any CPU = AppStore|Any CPU
		AppStore|ARM = AppStore|ARM
		AppStore|iPhone = AppStore|iPhone
		AppStore|iPhoneSimulator = AppStore|iPhoneSimulator
		AppStore|x64 = AppStore|x64
		AppStore|x86 = AppStore|x86
		Debug|Any CPU = Debug|Any CPU
		Debug|ARM = Debug|ARM
		Debug|iPhone = Debug|iPhone
		Debug|iPhoneSimulator = Debug|iPhoneSimulator
		Debug|x64 = Debug|x64
		Debug|x86 = Debug|x86
		Release|Any CPU = Release|Any CPU
		Release|ARM = Release|ARM
		Release|iPhone = Release|iPhone
		Release|iPhoneSimulator = Release|iPhoneSimulator
		Release|x64 = Release|x64
		Release|x86 = Release|x86
	EndGlobalSection
	GlobalSection(ProjectConfigurationPlatforms) = postSolution
		{6680FF3A-3F6E-421B-8448-FCD39D69C289}.Ad-Hoc|Any CPU.ActiveCfg = Release|Any CPU
		{6680FF3A-3F6E-421B-8448-FCD39D69C289}.Ad-Hoc|Any CPU.Build.0 = Release|Any CPU
		{6680FF3A-3F6E-421B-8448-FCD39D69C289}.Ad-Hoc|Any CPU.Deploy.0 = Release|Any CPU
		{6680FF3A-3F6E-421B-8448-FCD39D69C289}.Ad-Hoc|ARM.ActiveCfg = Release|Any CPU
		{6680FF3A-3F6E-421B-8448-FCD39D69C289}.Ad-Hoc|ARM.Build.0 = Release|Any CPU
		{6680FF3A-3F6E-421B-8448-FCD39D69C289}.Ad-Hoc|ARM.Deploy.0 = Release|Any CPU
		{6680FF3A-3F6E-421B-8448-FCD39D69C289}.Ad-Hoc|iPhone.ActiveCfg = Release|Any CPU
		{6680FF3A-3F6E-421B-8448-FCD39D69C289}.Ad-Hoc|iPhone.Build.0 = Release|Any CPU
		{6680FF3A-3F6E-421B-8448-FCD39D69C289}.Ad-Hoc|iPhone.Deploy.0 = Release|Any CPU
		{6680FF3A-3F6E-421B-8448-FCD39D69C289}.Ad-Hoc|iPhoneSimulator.ActiveCfg = Release|Any CPU
		{6680FF3A-3F6E-421B-8448-FCD39D69C289}.Ad-Hoc|iPhoneSimulator.Build.0 = Release|Any CPU
		{6680FF3A-3F6E-421B-8448-FCD39D69C289}.Ad-Hoc|iPhoneSimulator.Deploy.0 = Release|Any CPU
		{6680FF3A-3F6E-421B-8448-FCD39D69C289}.Ad-Hoc|x64.ActiveCfg = Release|Any CPU
		{6680FF3A-3F6E-421B-8448-FCD39D69C289}.Ad-Hoc|x64.Build.0 = Release|Any CPU
		{6680FF3A-3F6E-421B-8448-FCD39D69C289}.Ad-Hoc|x64.Deploy.0 = Release|Any CPU
		{6680FF3A-3F6E-421B-8448-FCD39D69C289}.Ad-Hoc|x86.ActiveCfg = Release|Any CPU
		{6680FF3A-3F6E-421B-8448-FCD39D69C289}.Ad-Hoc|x86.Build.0 = Release|Any CPU
		{6680FF3A-3F6E-421B-8448-FCD39D69C289}.Ad-Hoc|x86.Deploy.0 = Release|Any CPU
		{6680FF3A-3F6E-421B-8448-FCD39D69C289}.AppStore|Any CPU.ActiveCfg = Release|Any CPU
		{6680FF3A-3F6E-421B-8448-FCD39D69C289}.AppStore|Any CPU.Build.0 = Release|Any CPU
		{6680FF3A-3F6E-421B-8448-FCD39D69C289}.AppStore|Any CPU.Deploy.0 = Release|Any CPU
		{6680FF3A-3F6E-421B-8448-FCD39D69C289}.AppStore|ARM.ActiveCfg = Release|Any CPU
		{6680FF3A-3F6E-421B-8448-FCD39D69C289}.AppStore|ARM.Build.0 = Release|Any CPU
		{6680FF3A-3F6E-421B-8448-FCD39D69C289}.AppStore|ARM.Deploy.0 = Release|Any CPU
		{6680FF3A-3F6E-421B-8448-FCD39D69C289}.AppStore|iPhone.ActiveCfg = Release|Any CPU
		{6680FF3A-3F6E-421B-8448-FCD39D69C289}.AppStore|iPhone.Build.0 = Release|Any CPU
		{6680FF3A-3F6E-421B-8448-FCD39D69C289}.AppStore|iPhone.Deploy.0 = Release|Any CPU
		{6680FF3A-3F6E-421B-8448-FCD39D69C289}.AppStore|iPhoneSimulator.ActiveCfg = Release|Any CPU
		{6680FF3A-3F6E-421B-8448-FCD39D69C289}.AppStore|iPhoneSimulator.Build.0 = Release|Any CPU
		{6680FF3A-3F6E-421B-8448-FCD39D69C289}.AppStore|iPhoneSimulator.Deploy.0 = Release|Any CPU
		{6680FF3A-3F6E-421B-8448-FCD39D69C289}.AppStore|x64.ActiveCfg = Release|Any CPU
		{6680FF3A-3F6E-421B-8448-FCD39D69C289}.AppStore|x64.Build.0 = Release|Any CPU
		{6680FF3A-3F6E-421B-8448-FCD39D69C289}.AppStore|x64.Deploy.0 = Release|Any CPU
		{6680FF3A-3F6E-421B-8448-FCD39D69C289}.AppStore|x86.ActiveCfg = Release|Any CPU
		{6680FF3A-3F6E-421B-8448-FCD39D69C289}.AppStore|x86.Build.0 = Release|Any CPU
		{6680FF3A-3F6E-421B-8448-FCD39D69C289}.AppStore|x86.Deploy.0 = Release|Any CPU
		{6680FF3A-3F6E-421B-8448-FCD39D69C289}.Debug|Any CPU.ActiveCfg = Debug|Any CPU
		{6680FF3A-3F6E-421B-8448-FCD39D69C289}.Debug|Any CPU.Build.0 = Debug|Any CPU
		{6680FF3A-3F6E-421B-8448-FCD39D69C289}.Debug|Any CPU.Deploy.0 = Debug|Any CPU
		{6680FF3A-3F6E-421B-8448-FCD39D69C289}.Debug|ARM.ActiveCfg = Debug|Any CPU
		{6680FF3A-3F6E-421B-8448-FCD39D69C289}.Debug|ARM.Build.0 = Debug|Any CPU
		{6680FF3A-3F6E-421B-8448-FCD39D69C289}.Debug|ARM.Deploy.0 = Debug|Any CPU
		{6680FF3A-3F6E-421B-8448-FCD39D69C289}.Debug|iPhone.ActiveCfg = Debug|Any CPU
		{6680FF3A-3F6E-421B-8448-FCD39D69C289}.Debug|iPhone.Build.0 = Debug|Any CPU
		{6680FF3A-3F6E-421B-8448-FCD39D69C289}.Debug|iPhone.Deploy.0 = Debug|Any CPU
		{6680FF3A-3F6E-421B-8448-FCD39D69C289}.Debug|iPhoneSimulator.ActiveCfg = Debug|Any CPU
		{6680FF3A-3F6E-421B-8448-FCD39D69C289}.Debug|iPhoneSimulator.Build.0 = Debug|Any CPU
		{6680FF3A-3F6E-421B-8448-FCD39D69C289}.Debug|iPhoneSimulator.Deploy.0 = Debug|Any CPU
		{6680FF3A-3F6E-421B-8448-FCD39D69C289}.Debug|x64.ActiveCfg = Debug|Any CPU
		{6680FF3A-3F6E-421B-8448-FCD39D69C289}.Debug|x64.Build.0 = Debug|Any CPU
		{6680FF3A-3F6E-421B-8448-FCD39D69C289}.Debug|x64.Deploy.0 = Debug|Any CPU
		{6680FF3A-3F6E-421B-8448-FCD39D69C289}.Debug|x86.ActiveCfg = Debug|Any CPU
		{6680FF3A-3F6E-421B-8448-FCD39D69C289}.Debug|x86.Build.0 = Debug|Any CPU
		{6680FF3A-3F6E-421B-8448-FCD39D69C289}.Debug|x86.Deploy.0 = Debug|Any CPU
		{6680FF3A-3F6E-421B-8448-FCD39D69C289}.Release|Any CPU.ActiveCfg = Release|Any CPU
		{6680FF3A-3F6E-421B-8448-FCD39D69C289}.Release|Any CPU.Build.0 = Release|Any CPU
		{6680FF3A-3F6E-421B-8448-FCD39D69C289}.Release|Any CPU.Deploy.0 = Release|Any CPU
		{6680FF3A-3F6E-421B-8448-FCD39D69C289}.Release|ARM.ActiveCfg = Release|Any CPU
		{6680FF3A-3F6E-421B-8448-FCD39D69C289}.Release|ARM.Build.0 = Release|Any CPU
		{6680FF3A-3F6E-421B-8448-FCD39D69C289}.Release|ARM.Deploy.0 = Release|Any CPU
		{6680FF3A-3F6E-421B-8448-FCD39D69C289}.Release|iPhone.ActiveCfg = Release|Any CPU
		{6680FF3A-3F6E-421B-8448-FCD39D69C289}.Release|iPhone.Build.0 = Release|Any CPU
		{6680FF3A-3F6E-421B-8448-FCD39D69C289}.Release|iPhone.Deploy.0 = Release|Any CPU
		{6680FF3A-3F6E-421B-8448-FCD39D69C289}.Release|iPhoneSimulator.ActiveCfg = Release|Any CPU
		{6680FF3A-3F6E-421B-8448-FCD39D69C289}.Release|iPhoneSimulator.Build.0 = Release|Any CPU
		{6680FF3A-3F6E-421B-8448-FCD39D69C289}.Release|iPhoneSimulator.Deploy.0 = Release|Any CPU
		{6680FF3A-3F6E-421B-8448-FCD39D69C289}.Release|x64.ActiveCfg = Release|Any CPU
		{6680FF3A-3F6E-421B-8448-FCD39D69C289}.Release|x64.Build.0 = Release|Any CPU
		{6680FF3A-3F6E-421B-8448-FCD39D69C289}.Release|x64.Deploy.0 = Release|Any CPU
		{6680FF3A-3F6E-421B-8448-FCD39D69C289}.Release|x86.ActiveCfg = Release|Any CPU
		{6680FF3A-3F6E-421B-8448-FCD39D69C289}.Release|x86.Build.0 = Release|Any CPU
		{6680FF3A-3F6E-421B-8448-FCD39D69C289}.Release|x86.Deploy.0 = Release|Any CPU
		{51F88299-A10C-46DF-9BB7-D891FDAD8C9C}.Ad-Hoc|Any CPU.ActiveCfg = Release|Any CPU
		{51F88299-A10C-46DF-9BB7-D891FDAD8C9C}.Ad-Hoc|Any CPU.Build.0 = Release|Any CPU
		{51F88299-A10C-46DF-9BB7-D891FDAD8C9C}.Ad-Hoc|ARM.ActiveCfg = Release|Any CPU
		{51F88299-A10C-46DF-9BB7-D891FDAD8C9C}.Ad-Hoc|ARM.Build.0 = Release|Any CPU
		{51F88299-A10C-46DF-9BB7-D891FDAD8C9C}.Ad-Hoc|iPhone.ActiveCfg = Release|Any CPU
		{51F88299-A10C-46DF-9BB7-D891FDAD8C9C}.Ad-Hoc|iPhone.Build.0 = Release|Any CPU
		{51F88299-A10C-46DF-9BB7-D891FDAD8C9C}.Ad-Hoc|iPhoneSimulator.ActiveCfg = Release|Any CPU
		{51F88299-A10C-46DF-9BB7-D891FDAD8C9C}.Ad-Hoc|iPhoneSimulator.Build.0 = Release|Any CPU
		{51F88299-A10C-46DF-9BB7-D891FDAD8C9C}.Ad-Hoc|x64.ActiveCfg = Release|Any CPU
		{51F88299-A10C-46DF-9BB7-D891FDAD8C9C}.Ad-Hoc|x64.Build.0 = Release|Any CPU
		{51F88299-A10C-46DF-9BB7-D891FDAD8C9C}.Ad-Hoc|x86.ActiveCfg = Release|Any CPU
		{51F88299-A10C-46DF-9BB7-D891FDAD8C9C}.Ad-Hoc|x86.Build.0 = Release|Any CPU
		{51F88299-A10C-46DF-9BB7-D891FDAD8C9C}.AppStore|Any CPU.ActiveCfg = Release|Any CPU
		{51F88299-A10C-46DF-9BB7-D891FDAD8C9C}.AppStore|Any CPU.Build.0 = Release|Any CPU
		{51F88299-A10C-46DF-9BB7-D891FDAD8C9C}.AppStore|ARM.ActiveCfg = Release|Any CPU
		{51F88299-A10C-46DF-9BB7-D891FDAD8C9C}.AppStore|ARM.Build.0 = Release|Any CPU
		{51F88299-A10C-46DF-9BB7-D891FDAD8C9C}.AppStore|iPhone.ActiveCfg = Release|Any CPU
		{51F88299-A10C-46DF-9BB7-D891FDAD8C9C}.AppStore|iPhone.Build.0 = Release|Any CPU
		{51F88299-A10C-46DF-9BB7-D891FDAD8C9C}.AppStore|iPhoneSimulator.ActiveCfg = Release|Any CPU
		{51F88299-A10C-46DF-9BB7-D891FDAD8C9C}.AppStore|iPhoneSimulator.Build.0 = Release|Any CPU
		{51F88299-A10C-46DF-9BB7-D891FDAD8C9C}.AppStore|x64.ActiveCfg = Release|Any CPU
		{51F88299-A10C-46DF-9BB7-D891FDAD8C9C}.AppStore|x64.Build.0 = Release|Any CPU
		{51F88299-A10C-46DF-9BB7-D891FDAD8C9C}.AppStore|x86.ActiveCfg = Release|Any CPU
		{51F88299-A10C-46DF-9BB7-D891FDAD8C9C}.AppStore|x86.Build.0 = Release|Any CPU
		{51F88299-A10C-46DF-9BB7-D891FDAD8C9C}.Debug|Any CPU.ActiveCfg = Debug|Any CPU
		{51F88299-A10C-46DF-9BB7-D891FDAD8C9C}.Debug|Any CPU.Build.0 = Debug|Any CPU
		{51F88299-A10C-46DF-9BB7-D891FDAD8C9C}.Debug|ARM.ActiveCfg = Debug|Any CPU
		{51F88299-A10C-46DF-9BB7-D891FDAD8C9C}.Debug|ARM.Build.0 = Debug|Any CPU
		{51F88299-A10C-46DF-9BB7-D891FDAD8C9C}.Debug|iPhone.ActiveCfg = Debug|Any CPU
		{51F88299-A10C-46DF-9BB7-D891FDAD8C9C}.Debug|iPhone.Build.0 = Debug|Any CPU
		{51F88299-A10C-46DF-9BB7-D891FDAD8C9C}.Debug|iPhoneSimulator.ActiveCfg = Debug|Any CPU
		{51F88299-A10C-46DF-9BB7-D891FDAD8C9C}.Debug|iPhoneSimulator.Build.0 = Debug|Any CPU
		{51F88299-A10C-46DF-9BB7-D891FDAD8C9C}.Debug|x64.ActiveCfg = Debug|Any CPU
		{51F88299-A10C-46DF-9BB7-D891FDAD8C9C}.Debug|x64.Build.0 = Debug|Any CPU
		{51F88299-A10C-46DF-9BB7-D891FDAD8C9C}.Debug|x86.ActiveCfg = Debug|Any CPU
		{51F88299-A10C-46DF-9BB7-D891FDAD8C9C}.Debug|x86.Build.0 = Debug|Any CPU
		{51F88299-A10C-46DF-9BB7-D891FDAD8C9C}.Release|Any CPU.ActiveCfg = Release|Any CPU
		{51F88299-A10C-46DF-9BB7-D891FDAD8C9C}.Release|Any CPU.Build.0 = Release|Any CPU
		{51F88299-A10C-46DF-9BB7-D891FDAD8C9C}.Release|ARM.ActiveCfg = Release|Any CPU
		{51F88299-A10C-46DF-9BB7-D891FDAD8C9C}.Release|ARM.Build.0 = Release|Any CPU
		{51F88299-A10C-46DF-9BB7-D891FDAD8C9C}.Release|iPhone.ActiveCfg = Release|Any CPU
		{51F88299-A10C-46DF-9BB7-D891FDAD8C9C}.Release|iPhone.Build.0 = Release|Any CPU
		{51F88299-A10C-46DF-9BB7-D891FDAD8C9C}.Release|iPhoneSimulator.ActiveCfg = Release|Any CPU
		{51F88299-A10C-46DF-9BB7-D891FDAD8C9C}.Release|iPhoneSimulator.Build.0 = Release|Any CPU
		{51F88299-A10C-46DF-9BB7-D891FDAD8C9C}.Release|x64.ActiveCfg = Release|Any CPU
		{51F88299-A10C-46DF-9BB7-D891FDAD8C9C}.Release|x64.Build.0 = Release|Any CPU
		{51F88299-A10C-46DF-9BB7-D891FDAD8C9C}.Release|x86.ActiveCfg = Release|Any CPU
		{51F88299-A10C-46DF-9BB7-D891FDAD8C9C}.Release|x86.Build.0 = Release|Any CPU
		{0D8408FE-84B1-4FC0-AA0D-141FFF772DBC}.Ad-Hoc|Any CPU.ActiveCfg = Release|Any CPU
		{0D8408FE-84B1-4FC0-AA0D-141FFF772DBC}.Ad-Hoc|Any CPU.Build.0 = Release|Any CPU
		{0D8408FE-84B1-4FC0-AA0D-141FFF772DBC}.Ad-Hoc|ARM.ActiveCfg = Release|Any CPU
		{0D8408FE-84B1-4FC0-AA0D-141FFF772DBC}.Ad-Hoc|ARM.Build.0 = Release|Any CPU
		{0D8408FE-84B1-4FC0-AA0D-141FFF772DBC}.Ad-Hoc|iPhone.ActiveCfg = Release|Any CPU
		{0D8408FE-84B1-4FC0-AA0D-141FFF772DBC}.Ad-Hoc|iPhone.Build.0 = Release|Any CPU
		{0D8408FE-84B1-4FC0-AA0D-141FFF772DBC}.Ad-Hoc|iPhoneSimulator.ActiveCfg = Release|Any CPU
		{0D8408FE-84B1-4FC0-AA0D-141FFF772DBC}.Ad-Hoc|iPhoneSimulator.Build.0 = Release|Any CPU
		{0D8408FE-84B1-4FC0-AA0D-141FFF772DBC}.Ad-Hoc|x64.ActiveCfg = Release|Any CPU
		{0D8408FE-84B1-4FC0-AA0D-141FFF772DBC}.Ad-Hoc|x64.Build.0 = Release|Any CPU
		{0D8408FE-84B1-4FC0-AA0D-141FFF772DBC}.Ad-Hoc|x86.ActiveCfg = Release|Any CPU
		{0D8408FE-84B1-4FC0-AA0D-141FFF772DBC}.Ad-Hoc|x86.Build.0 = Release|Any CPU
		{0D8408FE-84B1-4FC0-AA0D-141FFF772DBC}.AppStore|Any CPU.ActiveCfg = Release|Any CPU
		{0D8408FE-84B1-4FC0-AA0D-141FFF772DBC}.AppStore|Any CPU.Build.0 = Release|Any CPU
		{0D8408FE-84B1-4FC0-AA0D-141FFF772DBC}.AppStore|ARM.ActiveCfg = Release|Any CPU
		{0D8408FE-84B1-4FC0-AA0D-141FFF772DBC}.AppStore|ARM.Build.0 = Release|Any CPU
		{0D8408FE-84B1-4FC0-AA0D-141FFF772DBC}.AppStore|iPhone.ActiveCfg = Release|Any CPU
		{0D8408FE-84B1-4FC0-AA0D-141FFF772DBC}.AppStore|iPhone.Build.0 = Release|Any CPU
		{0D8408FE-84B1-4FC0-AA0D-141FFF772DBC}.AppStore|iPhoneSimulator.ActiveCfg = Release|Any CPU
		{0D8408FE-84B1-4FC0-AA0D-141FFF772DBC}.AppStore|iPhoneSimulator.Build.0 = Release|Any CPU
		{0D8408FE-84B1-4FC0-AA0D-141FFF772DBC}.AppStore|x64.ActiveCfg = Release|Any CPU
		{0D8408FE-84B1-4FC0-AA0D-141FFF772DBC}.AppStore|x64.Build.0 = Release|Any CPU
		{0D8408FE-84B1-4FC0-AA0D-141FFF772DBC}.AppStore|x86.ActiveCfg = Release|Any CPU
		{0D8408FE-84B1-4FC0-AA0D-141FFF772DBC}.AppStore|x86.Build.0 = Release|Any CPU
		{0D8408FE-84B1-4FC0-AA0D-141FFF772DBC}.Debug|Any CPU.ActiveCfg = Debug|Any CPU
		{0D8408FE-84B1-4FC0-AA0D-141FFF772DBC}.Debug|Any CPU.Build.0 = Debug|Any CPU
		{0D8408FE-84B1-4FC0-AA0D-141FFF772DBC}.Debug|ARM.ActiveCfg = Debug|Any CPU
		{0D8408FE-84B1-4FC0-AA0D-141FFF772DBC}.Debug|ARM.Build.0 = Debug|Any CPU
		{0D8408FE-84B1-4FC0-AA0D-141FFF772DBC}.Debug|iPhone.ActiveCfg = Debug|Any CPU
		{0D8408FE-84B1-4FC0-AA0D-141FFF772DBC}.Debug|iPhone.Build.0 = Debug|Any CPU
		{0D8408FE-84B1-4FC0-AA0D-141FFF772DBC}.Debug|iPhoneSimulator.ActiveCfg = Debug|Any CPU
		{0D8408FE-84B1-4FC0-AA0D-141FFF772DBC}.Debug|iPhoneSimulator.Build.0 = Debug|Any CPU
		{0D8408FE-84B1-4FC0-AA0D-141FFF772DBC}.Debug|x64.ActiveCfg = Debug|Any CPU
		{0D8408FE-84B1-4FC0-AA0D-141FFF772DBC}.Debug|x64.Build.0 = Debug|Any CPU
		{0D8408FE-84B1-4FC0-AA0D-141FFF772DBC}.Debug|x86.ActiveCfg = Debug|Any CPU
		{0D8408FE-84B1-4FC0-AA0D-141FFF772DBC}.Debug|x86.Build.0 = Debug|Any CPU
		{0D8408FE-84B1-4FC0-AA0D-141FFF772DBC}.Release|Any CPU.ActiveCfg = Release|Any CPU
		{0D8408FE-84B1-4FC0-AA0D-141FFF772DBC}.Release|Any CPU.Build.0 = Release|Any CPU
		{0D8408FE-84B1-4FC0-AA0D-141FFF772DBC}.Release|ARM.ActiveCfg = Release|Any CPU
		{0D8408FE-84B1-4FC0-AA0D-141FFF772DBC}.Release|ARM.Build.0 = Release|Any CPU
		{0D8408FE-84B1-4FC0-AA0D-141FFF772DBC}.Release|iPhone.ActiveCfg = Release|Any CPU
		{0D8408FE-84B1-4FC0-AA0D-141FFF772DBC}.Release|iPhone.Build.0 = Release|Any CPU
		{0D8408FE-84B1-4FC0-AA0D-141FFF772DBC}.Release|iPhoneSimulator.ActiveCfg = Release|Any CPU
		{0D8408FE-84B1-4FC0-AA0D-141FFF772DBC}.Release|iPhoneSimulator.Build.0 = Release|Any CPU
		{0D8408FE-84B1-4FC0-AA0D-141FFF772DBC}.Release|x64.ActiveCfg = Release|Any CPU
		{0D8408FE-84B1-4FC0-AA0D-141FFF772DBC}.Release|x64.Build.0 = Release|Any CPU
		{0D8408FE-84B1-4FC0-AA0D-141FFF772DBC}.Release|x86.ActiveCfg = Release|Any CPU
		{0D8408FE-84B1-4FC0-AA0D-141FFF772DBC}.Release|x86.Build.0 = Release|Any CPU
		{C963FFE6-6DCD-4D28-B5CD-3A3508A87227}.Ad-Hoc|Any CPU.ActiveCfg = Release|Any CPU
		{C963FFE6-6DCD-4D28-B5CD-3A3508A87227}.Ad-Hoc|Any CPU.Build.0 = Release|Any CPU
		{C963FFE6-6DCD-4D28-B5CD-3A3508A87227}.Ad-Hoc|ARM.ActiveCfg = Release|Any CPU
		{C963FFE6-6DCD-4D28-B5CD-3A3508A87227}.Ad-Hoc|ARM.Build.0 = Release|Any CPU
		{C963FFE6-6DCD-4D28-B5CD-3A3508A87227}.Ad-Hoc|iPhone.ActiveCfg = Release|Any CPU
		{C963FFE6-6DCD-4D28-B5CD-3A3508A87227}.Ad-Hoc|iPhone.Build.0 = Release|Any CPU
		{C963FFE6-6DCD-4D28-B5CD-3A3508A87227}.Ad-Hoc|iPhoneSimulator.ActiveCfg = Release|Any CPU
		{C963FFE6-6DCD-4D28-B5CD-3A3508A87227}.Ad-Hoc|iPhoneSimulator.Build.0 = Release|Any CPU
		{C963FFE6-6DCD-4D28-B5CD-3A3508A87227}.Ad-Hoc|x64.ActiveCfg = Release|Any CPU
		{C963FFE6-6DCD-4D28-B5CD-3A3508A87227}.Ad-Hoc|x64.Build.0 = Release|Any CPU
		{C963FFE6-6DCD-4D28-B5CD-3A3508A87227}.Ad-Hoc|x86.ActiveCfg = Release|Any CPU
		{C963FFE6-6DCD-4D28-B5CD-3A3508A87227}.Ad-Hoc|x86.Build.0 = Release|Any CPU
		{C963FFE6-6DCD-4D28-B5CD-3A3508A87227}.AppStore|Any CPU.ActiveCfg = Release|Any CPU
		{C963FFE6-6DCD-4D28-B5CD-3A3508A87227}.AppStore|Any CPU.Build.0 = Release|Any CPU
		{C963FFE6-6DCD-4D28-B5CD-3A3508A87227}.AppStore|ARM.ActiveCfg = Release|Any CPU
		{C963FFE6-6DCD-4D28-B5CD-3A3508A87227}.AppStore|ARM.Build.0 = Release|Any CPU
		{C963FFE6-6DCD-4D28-B5CD-3A3508A87227}.AppStore|iPhone.ActiveCfg = Release|Any CPU
		{C963FFE6-6DCD-4D28-B5CD-3A3508A87227}.AppStore|iPhone.Build.0 = Release|Any CPU
		{C963FFE6-6DCD-4D28-B5CD-3A3508A87227}.AppStore|iPhoneSimulator.ActiveCfg = Release|Any CPU
		{C963FFE6-6DCD-4D28-B5CD-3A3508A87227}.AppStore|iPhoneSimulator.Build.0 = Release|Any CPU
		{C963FFE6-6DCD-4D28-B5CD-3A3508A87227}.AppStore|x64.ActiveCfg = Release|Any CPU
		{C963FFE6-6DCD-4D28-B5CD-3A3508A87227}.AppStore|x64.Build.0 = Release|Any CPU
		{C963FFE6-6DCD-4D28-B5CD-3A3508A87227}.AppStore|x86.ActiveCfg = Release|Any CPU
		{C963FFE6-6DCD-4D28-B5CD-3A3508A87227}.AppStore|x86.Build.0 = Release|Any CPU
		{C963FFE6-6DCD-4D28-B5CD-3A3508A87227}.Debug|Any CPU.ActiveCfg = Debug|Any CPU
		{C963FFE6-6DCD-4D28-B5CD-3A3508A87227}.Debug|Any CPU.Build.0 = Debug|Any CPU
		{C963FFE6-6DCD-4D28-B5CD-3A3508A87227}.Debug|ARM.ActiveCfg = Debug|Any CPU
		{C963FFE6-6DCD-4D28-B5CD-3A3508A87227}.Debug|ARM.Build.0 = Debug|Any CPU
		{C963FFE6-6DCD-4D28-B5CD-3A3508A87227}.Debug|iPhone.ActiveCfg = Debug|Any CPU
		{C963FFE6-6DCD-4D28-B5CD-3A3508A87227}.Debug|iPhone.Build.0 = Debug|Any CPU
		{C963FFE6-6DCD-4D28-B5CD-3A3508A87227}.Debug|iPhoneSimulator.ActiveCfg = Debug|Any CPU
		{C963FFE6-6DCD-4D28-B5CD-3A3508A87227}.Debug|iPhoneSimulator.Build.0 = Debug|Any CPU
		{C963FFE6-6DCD-4D28-B5CD-3A3508A87227}.Debug|x64.ActiveCfg = Debug|Any CPU
		{C963FFE6-6DCD-4D28-B5CD-3A3508A87227}.Debug|x64.Build.0 = Debug|Any CPU
		{C963FFE6-6DCD-4D28-B5CD-3A3508A87227}.Debug|x86.ActiveCfg = Debug|Any CPU
		{C963FFE6-6DCD-4D28-B5CD-3A3508A87227}.Debug|x86.Build.0 = Debug|Any CPU
		{C963FFE6-6DCD-4D28-B5CD-3A3508A87227}.Release|Any CPU.ActiveCfg = Release|Any CPU
		{C963FFE6-6DCD-4D28-B5CD-3A3508A87227}.Release|Any CPU.Build.0 = Release|Any CPU
		{C963FFE6-6DCD-4D28-B5CD-3A3508A87227}.Release|ARM.ActiveCfg = Release|Any CPU
		{C963FFE6-6DCD-4D28-B5CD-3A3508A87227}.Release|ARM.Build.0 = Release|Any CPU
		{C963FFE6-6DCD-4D28-B5CD-3A3508A87227}.Release|iPhone.ActiveCfg = Release|Any CPU
		{C963FFE6-6DCD-4D28-B5CD-3A3508A87227}.Release|iPhone.Build.0 = Release|Any CPU
		{C963FFE6-6DCD-4D28-B5CD-3A3508A87227}.Release|iPhoneSimulator.ActiveCfg = Release|Any CPU
		{C963FFE6-6DCD-4D28-B5CD-3A3508A87227}.Release|iPhoneSimulator.Build.0 = Release|Any CPU
		{C963FFE6-6DCD-4D28-B5CD-3A3508A87227}.Release|x64.ActiveCfg = Release|Any CPU
		{C963FFE6-6DCD-4D28-B5CD-3A3508A87227}.Release|x64.Build.0 = Release|Any CPU
		{C963FFE6-6DCD-4D28-B5CD-3A3508A87227}.Release|x86.ActiveCfg = Release|Any CPU
		{C963FFE6-6DCD-4D28-B5CD-3A3508A87227}.Release|x86.Build.0 = Release|Any CPU
		{CE3F4D18-F721-4B7F-BA84-43C642AEE826}.Ad-Hoc|Any CPU.ActiveCfg = Release|Any CPU
		{CE3F4D18-F721-4B7F-BA84-43C642AEE826}.Ad-Hoc|Any CPU.Build.0 = Release|Any CPU
		{CE3F4D18-F721-4B7F-BA84-43C642AEE826}.Ad-Hoc|ARM.ActiveCfg = Release|Any CPU
		{CE3F4D18-F721-4B7F-BA84-43C642AEE826}.Ad-Hoc|ARM.Build.0 = Release|Any CPU
		{CE3F4D18-F721-4B7F-BA84-43C642AEE826}.Ad-Hoc|iPhone.ActiveCfg = Release|Any CPU
		{CE3F4D18-F721-4B7F-BA84-43C642AEE826}.Ad-Hoc|iPhone.Build.0 = Release|Any CPU
		{CE3F4D18-F721-4B7F-BA84-43C642AEE826}.Ad-Hoc|iPhoneSimulator.ActiveCfg = Release|Any CPU
		{CE3F4D18-F721-4B7F-BA84-43C642AEE826}.Ad-Hoc|iPhoneSimulator.Build.0 = Release|Any CPU
		{CE3F4D18-F721-4B7F-BA84-43C642AEE826}.Ad-Hoc|x64.ActiveCfg = Release|Any CPU
		{CE3F4D18-F721-4B7F-BA84-43C642AEE826}.Ad-Hoc|x64.Build.0 = Release|Any CPU
		{CE3F4D18-F721-4B7F-BA84-43C642AEE826}.Ad-Hoc|x86.ActiveCfg = Release|Any CPU
		{CE3F4D18-F721-4B7F-BA84-43C642AEE826}.Ad-Hoc|x86.Build.0 = Release|Any CPU
		{CE3F4D18-F721-4B7F-BA84-43C642AEE826}.AppStore|Any CPU.ActiveCfg = Release|Any CPU
		{CE3F4D18-F721-4B7F-BA84-43C642AEE826}.AppStore|Any CPU.Build.0 = Release|Any CPU
		{CE3F4D18-F721-4B7F-BA84-43C642AEE826}.AppStore|ARM.ActiveCfg = Release|Any CPU
		{CE3F4D18-F721-4B7F-BA84-43C642AEE826}.AppStore|ARM.Build.0 = Release|Any CPU
		{CE3F4D18-F721-4B7F-BA84-43C642AEE826}.AppStore|iPhone.ActiveCfg = Release|Any CPU
		{CE3F4D18-F721-4B7F-BA84-43C642AEE826}.AppStore|iPhone.Build.0 = Release|Any CPU
		{CE3F4D18-F721-4B7F-BA84-43C642AEE826}.AppStore|iPhoneSimulator.ActiveCfg = Release|Any CPU
		{CE3F4D18-F721-4B7F-BA84-43C642AEE826}.AppStore|iPhoneSimulator.Build.0 = Release|Any CPU
		{CE3F4D18-F721-4B7F-BA84-43C642AEE826}.AppStore|x64.ActiveCfg = Release|Any CPU
		{CE3F4D18-F721-4B7F-BA84-43C642AEE826}.AppStore|x64.Build.0 = Release|Any CPU
		{CE3F4D18-F721-4B7F-BA84-43C642AEE826}.AppStore|x86.ActiveCfg = Release|Any CPU
		{CE3F4D18-F721-4B7F-BA84-43C642AEE826}.AppStore|x86.Build.0 = Release|Any CPU
		{CE3F4D18-F721-4B7F-BA84-43C642AEE826}.Debug|Any CPU.ActiveCfg = Debug|Any CPU
		{CE3F4D18-F721-4B7F-BA84-43C642AEE826}.Debug|Any CPU.Build.0 = Debug|Any CPU
		{CE3F4D18-F721-4B7F-BA84-43C642AEE826}.Debug|ARM.ActiveCfg = Debug|Any CPU
		{CE3F4D18-F721-4B7F-BA84-43C642AEE826}.Debug|ARM.Build.0 = Debug|Any CPU
		{CE3F4D18-F721-4B7F-BA84-43C642AEE826}.Debug|iPhone.ActiveCfg = Debug|Any CPU
		{CE3F4D18-F721-4B7F-BA84-43C642AEE826}.Debug|iPhone.Build.0 = Debug|Any CPU
		{CE3F4D18-F721-4B7F-BA84-43C642AEE826}.Debug|iPhoneSimulator.ActiveCfg = Debug|Any CPU
		{CE3F4D18-F721-4B7F-BA84-43C642AEE826}.Debug|iPhoneSimulator.Build.0 = Debug|Any CPU
		{CE3F4D18-F721-4B7F-BA84-43C642AEE826}.Debug|x64.ActiveCfg = Debug|Any CPU
		{CE3F4D18-F721-4B7F-BA84-43C642AEE826}.Debug|x64.Build.0 = Debug|Any CPU
		{CE3F4D18-F721-4B7F-BA84-43C642AEE826}.Debug|x86.ActiveCfg = Debug|Any CPU
		{CE3F4D18-F721-4B7F-BA84-43C642AEE826}.Debug|x86.Build.0 = Debug|Any CPU
		{CE3F4D18-F721-4B7F-BA84-43C642AEE826}.Release|Any CPU.ActiveCfg = Release|Any CPU
		{CE3F4D18-F721-4B7F-BA84-43C642AEE826}.Release|Any CPU.Build.0 = Release|Any CPU
		{CE3F4D18-F721-4B7F-BA84-43C642AEE826}.Release|ARM.ActiveCfg = Release|Any CPU
		{CE3F4D18-F721-4B7F-BA84-43C642AEE826}.Release|ARM.Build.0 = Release|Any CPU
		{CE3F4D18-F721-4B7F-BA84-43C642AEE826}.Release|iPhone.ActiveCfg = Release|Any CPU
		{CE3F4D18-F721-4B7F-BA84-43C642AEE826}.Release|iPhone.Build.0 = Release|Any CPU
		{CE3F4D18-F721-4B7F-BA84-43C642AEE826}.Release|iPhoneSimulator.ActiveCfg = Release|Any CPU
		{CE3F4D18-F721-4B7F-BA84-43C642AEE826}.Release|iPhoneSimulator.Build.0 = Release|Any CPU
		{CE3F4D18-F721-4B7F-BA84-43C642AEE826}.Release|x64.ActiveCfg = Release|Any CPU
		{CE3F4D18-F721-4B7F-BA84-43C642AEE826}.Release|x64.Build.0 = Release|Any CPU
		{CE3F4D18-F721-4B7F-BA84-43C642AEE826}.Release|x86.ActiveCfg = Release|Any CPU
		{CE3F4D18-F721-4B7F-BA84-43C642AEE826}.Release|x86.Build.0 = Release|Any CPU
		{20635D30-8CA5-4BB4-9CC8-3CDEB67AC579}.Ad-Hoc|Any CPU.ActiveCfg = Release|Any CPU
		{20635D30-8CA5-4BB4-9CC8-3CDEB67AC579}.Ad-Hoc|Any CPU.Build.0 = Release|Any CPU
		{20635D30-8CA5-4BB4-9CC8-3CDEB67AC579}.Ad-Hoc|ARM.ActiveCfg = Release|Any CPU
		{20635D30-8CA5-4BB4-9CC8-3CDEB67AC579}.Ad-Hoc|ARM.Build.0 = Release|Any CPU
		{20635D30-8CA5-4BB4-9CC8-3CDEB67AC579}.Ad-Hoc|iPhone.ActiveCfg = Release|Any CPU
		{20635D30-8CA5-4BB4-9CC8-3CDEB67AC579}.Ad-Hoc|iPhone.Build.0 = Release|Any CPU
		{20635D30-8CA5-4BB4-9CC8-3CDEB67AC579}.Ad-Hoc|iPhoneSimulator.ActiveCfg = Release|Any CPU
		{20635D30-8CA5-4BB4-9CC8-3CDEB67AC579}.Ad-Hoc|iPhoneSimulator.Build.0 = Release|Any CPU
		{20635D30-8CA5-4BB4-9CC8-3CDEB67AC579}.Ad-Hoc|x64.ActiveCfg = Release|Any CPU
		{20635D30-8CA5-4BB4-9CC8-3CDEB67AC579}.Ad-Hoc|x64.Build.0 = Release|Any CPU
		{20635D30-8CA5-4BB4-9CC8-3CDEB67AC579}.Ad-Hoc|x86.ActiveCfg = Release|Any CPU
		{20635D30-8CA5-4BB4-9CC8-3CDEB67AC579}.Ad-Hoc|x86.Build.0 = Release|Any CPU
		{20635D30-8CA5-4BB4-9CC8-3CDEB67AC579}.AppStore|Any CPU.ActiveCfg = Release|Any CPU
		{20635D30-8CA5-4BB4-9CC8-3CDEB67AC579}.AppStore|Any CPU.Build.0 = Release|Any CPU
		{20635D30-8CA5-4BB4-9CC8-3CDEB67AC579}.AppStore|ARM.ActiveCfg = Release|Any CPU
		{20635D30-8CA5-4BB4-9CC8-3CDEB67AC579}.AppStore|ARM.Build.0 = Release|Any CPU
		{20635D30-8CA5-4BB4-9CC8-3CDEB67AC579}.AppStore|iPhone.ActiveCfg = Release|Any CPU
		{20635D30-8CA5-4BB4-9CC8-3CDEB67AC579}.AppStore|iPhone.Build.0 = Release|Any CPU
		{20635D30-8CA5-4BB4-9CC8-3CDEB67AC579}.AppStore|iPhoneSimulator.ActiveCfg = Release|Any CPU
		{20635D30-8CA5-4BB4-9CC8-3CDEB67AC579}.AppStore|iPhoneSimulator.Build.0 = Release|Any CPU
		{20635D30-8CA5-4BB4-9CC8-3CDEB67AC579}.AppStore|x64.ActiveCfg = Release|Any CPU
		{20635D30-8CA5-4BB4-9CC8-3CDEB67AC579}.AppStore|x64.Build.0 = Release|Any CPU
		{20635D30-8CA5-4BB4-9CC8-3CDEB67AC579}.AppStore|x86.ActiveCfg = Release|Any CPU
		{20635D30-8CA5-4BB4-9CC8-3CDEB67AC579}.AppStore|x86.Build.0 = Release|Any CPU
		{20635D30-8CA5-4BB4-9CC8-3CDEB67AC579}.Debug|Any CPU.ActiveCfg = Debug|Any CPU
		{20635D30-8CA5-4BB4-9CC8-3CDEB67AC579}.Debug|Any CPU.Build.0 = Debug|Any CPU
		{20635D30-8CA5-4BB4-9CC8-3CDEB67AC579}.Debug|ARM.ActiveCfg = Debug|Any CPU
		{20635D30-8CA5-4BB4-9CC8-3CDEB67AC579}.Debug|ARM.Build.0 = Debug|Any CPU
		{20635D30-8CA5-4BB4-9CC8-3CDEB67AC579}.Debug|iPhone.ActiveCfg = Debug|Any CPU
		{20635D30-8CA5-4BB4-9CC8-3CDEB67AC579}.Debug|iPhone.Build.0 = Debug|Any CPU
		{20635D30-8CA5-4BB4-9CC8-3CDEB67AC579}.Debug|iPhoneSimulator.ActiveCfg = Debug|Any CPU
		{20635D30-8CA5-4BB4-9CC8-3CDEB67AC579}.Debug|iPhoneSimulator.Build.0 = Debug|Any CPU
		{20635D30-8CA5-4BB4-9CC8-3CDEB67AC579}.Debug|x64.ActiveCfg = Debug|Any CPU
		{20635D30-8CA5-4BB4-9CC8-3CDEB67AC579}.Debug|x64.Build.0 = Debug|Any CPU
		{20635D30-8CA5-4BB4-9CC8-3CDEB67AC579}.Debug|x86.ActiveCfg = Debug|Any CPU
		{20635D30-8CA5-4BB4-9CC8-3CDEB67AC579}.Debug|x86.Build.0 = Debug|Any CPU
		{20635D30-8CA5-4BB4-9CC8-3CDEB67AC579}.Release|Any CPU.ActiveCfg = Release|Any CPU
		{20635D30-8CA5-4BB4-9CC8-3CDEB67AC579}.Release|Any CPU.Build.0 = Release|Any CPU
		{20635D30-8CA5-4BB4-9CC8-3CDEB67AC579}.Release|ARM.ActiveCfg = Release|Any CPU
		{20635D30-8CA5-4BB4-9CC8-3CDEB67AC579}.Release|ARM.Build.0 = Release|Any CPU
		{20635D30-8CA5-4BB4-9CC8-3CDEB67AC579}.Release|iPhone.ActiveCfg = Release|Any CPU
		{20635D30-8CA5-4BB4-9CC8-3CDEB67AC579}.Release|iPhone.Build.0 = Release|Any CPU
		{20635D30-8CA5-4BB4-9CC8-3CDEB67AC579}.Release|iPhoneSimulator.ActiveCfg = Release|Any CPU
		{20635D30-8CA5-4BB4-9CC8-3CDEB67AC579}.Release|iPhoneSimulator.Build.0 = Release|Any CPU
		{20635D30-8CA5-4BB4-9CC8-3CDEB67AC579}.Release|x64.ActiveCfg = Release|Any CPU
		{20635D30-8CA5-4BB4-9CC8-3CDEB67AC579}.Release|x64.Build.0 = Release|Any CPU
		{20635D30-8CA5-4BB4-9CC8-3CDEB67AC579}.Release|x86.ActiveCfg = Release|Any CPU
		{20635D30-8CA5-4BB4-9CC8-3CDEB67AC579}.Release|x86.Build.0 = Release|Any CPU
		{9688483F-61C8-456E-A368-E49895A2D3C6}.Ad-Hoc|Any CPU.ActiveCfg = Release|Any CPU
		{9688483F-61C8-456E-A368-E49895A2D3C6}.Ad-Hoc|Any CPU.Build.0 = Release|Any CPU
		{9688483F-61C8-456E-A368-E49895A2D3C6}.Ad-Hoc|ARM.ActiveCfg = Release|Any CPU
		{9688483F-61C8-456E-A368-E49895A2D3C6}.Ad-Hoc|ARM.Build.0 = Release|Any CPU
		{9688483F-61C8-456E-A368-E49895A2D3C6}.Ad-Hoc|iPhone.ActiveCfg = Release|Any CPU
		{9688483F-61C8-456E-A368-E49895A2D3C6}.Ad-Hoc|iPhone.Build.0 = Release|Any CPU
		{9688483F-61C8-456E-A368-E49895A2D3C6}.Ad-Hoc|iPhoneSimulator.ActiveCfg = Release|Any CPU
		{9688483F-61C8-456E-A368-E49895A2D3C6}.Ad-Hoc|iPhoneSimulator.Build.0 = Release|Any CPU
		{9688483F-61C8-456E-A368-E49895A2D3C6}.Ad-Hoc|x64.ActiveCfg = Release|Any CPU
		{9688483F-61C8-456E-A368-E49895A2D3C6}.Ad-Hoc|x64.Build.0 = Release|Any CPU
		{9688483F-61C8-456E-A368-E49895A2D3C6}.Ad-Hoc|x86.ActiveCfg = Release|Any CPU
		{9688483F-61C8-456E-A368-E49895A2D3C6}.Ad-Hoc|x86.Build.0 = Release|Any CPU
		{9688483F-61C8-456E-A368-E49895A2D3C6}.AppStore|Any CPU.ActiveCfg = Release|Any CPU
		{9688483F-61C8-456E-A368-E49895A2D3C6}.AppStore|Any CPU.Build.0 = Release|Any CPU
		{9688483F-61C8-456E-A368-E49895A2D3C6}.AppStore|ARM.ActiveCfg = Release|Any CPU
		{9688483F-61C8-456E-A368-E49895A2D3C6}.AppStore|ARM.Build.0 = Release|Any CPU
		{9688483F-61C8-456E-A368-E49895A2D3C6}.AppStore|iPhone.ActiveCfg = Release|Any CPU
		{9688483F-61C8-456E-A368-E49895A2D3C6}.AppStore|iPhone.Build.0 = Release|Any CPU
		{9688483F-61C8-456E-A368-E49895A2D3C6}.AppStore|iPhoneSimulator.ActiveCfg = Release|Any CPU
		{9688483F-61C8-456E-A368-E49895A2D3C6}.AppStore|iPhoneSimulator.Build.0 = Release|Any CPU
		{9688483F-61C8-456E-A368-E49895A2D3C6}.AppStore|x64.ActiveCfg = Release|Any CPU
		{9688483F-61C8-456E-A368-E49895A2D3C6}.AppStore|x64.Build.0 = Release|Any CPU
		{9688483F-61C8-456E-A368-E49895A2D3C6}.AppStore|x86.ActiveCfg = Release|Any CPU
		{9688483F-61C8-456E-A368-E49895A2D3C6}.AppStore|x86.Build.0 = Release|Any CPU
		{9688483F-61C8-456E-A368-E49895A2D3C6}.Debug|Any CPU.ActiveCfg = Debug|Any CPU
		{9688483F-61C8-456E-A368-E49895A2D3C6}.Debug|Any CPU.Build.0 = Debug|Any CPU
		{9688483F-61C8-456E-A368-E49895A2D3C6}.Debug|ARM.ActiveCfg = Debug|Any CPU
		{9688483F-61C8-456E-A368-E49895A2D3C6}.Debug|ARM.Build.0 = Debug|Any CPU
		{9688483F-61C8-456E-A368-E49895A2D3C6}.Debug|iPhone.ActiveCfg = Debug|Any CPU
		{9688483F-61C8-456E-A368-E49895A2D3C6}.Debug|iPhone.Build.0 = Debug|Any CPU
		{9688483F-61C8-456E-A368-E49895A2D3C6}.Debug|iPhoneSimulator.ActiveCfg = Debug|Any CPU
		{9688483F-61C8-456E-A368-E49895A2D3C6}.Debug|iPhoneSimulator.Build.0 = Debug|Any CPU
		{9688483F-61C8-456E-A368-E49895A2D3C6}.Debug|x64.ActiveCfg = Debug|Any CPU
		{9688483F-61C8-456E-A368-E49895A2D3C6}.Debug|x64.Build.0 = Debug|Any CPU
		{9688483F-61C8-456E-A368-E49895A2D3C6}.Debug|x86.ActiveCfg = Debug|Any CPU
		{9688483F-61C8-456E-A368-E49895A2D3C6}.Debug|x86.Build.0 = Debug|Any CPU
		{9688483F-61C8-456E-A368-E49895A2D3C6}.Release|Any CPU.ActiveCfg = Release|Any CPU
		{9688483F-61C8-456E-A368-E49895A2D3C6}.Release|Any CPU.Build.0 = Release|Any CPU
		{9688483F-61C8-456E-A368-E49895A2D3C6}.Release|ARM.ActiveCfg = Release|Any CPU
		{9688483F-61C8-456E-A368-E49895A2D3C6}.Release|ARM.Build.0 = Release|Any CPU
		{9688483F-61C8-456E-A368-E49895A2D3C6}.Release|iPhone.ActiveCfg = Release|Any CPU
		{9688483F-61C8-456E-A368-E49895A2D3C6}.Release|iPhone.Build.0 = Release|Any CPU
		{9688483F-61C8-456E-A368-E49895A2D3C6}.Release|iPhoneSimulator.ActiveCfg = Release|Any CPU
		{9688483F-61C8-456E-A368-E49895A2D3C6}.Release|iPhoneSimulator.Build.0 = Release|Any CPU
		{9688483F-61C8-456E-A368-E49895A2D3C6}.Release|x64.ActiveCfg = Release|Any CPU
		{9688483F-61C8-456E-A368-E49895A2D3C6}.Release|x64.Build.0 = Release|Any CPU
		{9688483F-61C8-456E-A368-E49895A2D3C6}.Release|x86.ActiveCfg = Release|Any CPU
		{9688483F-61C8-456E-A368-E49895A2D3C6}.Release|x86.Build.0 = Release|Any CPU
		{C268F1EE-30E6-4D67-AC21-F444DA6243FF}.Ad-Hoc|Any CPU.ActiveCfg = Release|Any CPU
		{C268F1EE-30E6-4D67-AC21-F444DA6243FF}.Ad-Hoc|Any CPU.Build.0 = Release|Any CPU
		{C268F1EE-30E6-4D67-AC21-F444DA6243FF}.Ad-Hoc|ARM.ActiveCfg = Release|Any CPU
		{C268F1EE-30E6-4D67-AC21-F444DA6243FF}.Ad-Hoc|ARM.Build.0 = Release|Any CPU
		{C268F1EE-30E6-4D67-AC21-F444DA6243FF}.Ad-Hoc|iPhone.ActiveCfg = Release|Any CPU
		{C268F1EE-30E6-4D67-AC21-F444DA6243FF}.Ad-Hoc|iPhone.Build.0 = Release|Any CPU
		{C268F1EE-30E6-4D67-AC21-F444DA6243FF}.Ad-Hoc|iPhoneSimulator.ActiveCfg = Release|Any CPU
		{C268F1EE-30E6-4D67-AC21-F444DA6243FF}.Ad-Hoc|iPhoneSimulator.Build.0 = Release|Any CPU
		{C268F1EE-30E6-4D67-AC21-F444DA6243FF}.Ad-Hoc|x64.ActiveCfg = Release|Any CPU
		{C268F1EE-30E6-4D67-AC21-F444DA6243FF}.Ad-Hoc|x64.Build.0 = Release|Any CPU
		{C268F1EE-30E6-4D67-AC21-F444DA6243FF}.Ad-Hoc|x86.ActiveCfg = Release|Any CPU
		{C268F1EE-30E6-4D67-AC21-F444DA6243FF}.Ad-Hoc|x86.Build.0 = Release|Any CPU
		{C268F1EE-30E6-4D67-AC21-F444DA6243FF}.AppStore|Any CPU.ActiveCfg = Release|Any CPU
		{C268F1EE-30E6-4D67-AC21-F444DA6243FF}.AppStore|Any CPU.Build.0 = Release|Any CPU
		{C268F1EE-30E6-4D67-AC21-F444DA6243FF}.AppStore|ARM.ActiveCfg = Release|Any CPU
		{C268F1EE-30E6-4D67-AC21-F444DA6243FF}.AppStore|ARM.Build.0 = Release|Any CPU
		{C268F1EE-30E6-4D67-AC21-F444DA6243FF}.AppStore|iPhone.ActiveCfg = Release|Any CPU
		{C268F1EE-30E6-4D67-AC21-F444DA6243FF}.AppStore|iPhone.Build.0 = Release|Any CPU
		{C268F1EE-30E6-4D67-AC21-F444DA6243FF}.AppStore|iPhoneSimulator.ActiveCfg = Release|Any CPU
		{C268F1EE-30E6-4D67-AC21-F444DA6243FF}.AppStore|iPhoneSimulator.Build.0 = Release|Any CPU
		{C268F1EE-30E6-4D67-AC21-F444DA6243FF}.AppStore|x64.ActiveCfg = Release|Any CPU
		{C268F1EE-30E6-4D67-AC21-F444DA6243FF}.AppStore|x64.Build.0 = Release|Any CPU
		{C268F1EE-30E6-4D67-AC21-F444DA6243FF}.AppStore|x86.ActiveCfg = Release|Any CPU
		{C268F1EE-30E6-4D67-AC21-F444DA6243FF}.AppStore|x86.Build.0 = Release|Any CPU
		{C268F1EE-30E6-4D67-AC21-F444DA6243FF}.Debug|Any CPU.ActiveCfg = Debug|Any CPU
		{C268F1EE-30E6-4D67-AC21-F444DA6243FF}.Debug|Any CPU.Build.0 = Debug|Any CPU
		{C268F1EE-30E6-4D67-AC21-F444DA6243FF}.Debug|ARM.ActiveCfg = Debug|Any CPU
		{C268F1EE-30E6-4D67-AC21-F444DA6243FF}.Debug|ARM.Build.0 = Debug|Any CPU
		{C268F1EE-30E6-4D67-AC21-F444DA6243FF}.Debug|iPhone.ActiveCfg = Debug|Any CPU
		{C268F1EE-30E6-4D67-AC21-F444DA6243FF}.Debug|iPhone.Build.0 = Debug|Any CPU
		{C268F1EE-30E6-4D67-AC21-F444DA6243FF}.Debug|iPhoneSimulator.ActiveCfg = Debug|Any CPU
		{C268F1EE-30E6-4D67-AC21-F444DA6243FF}.Debug|iPhoneSimulator.Build.0 = Debug|Any CPU
		{C268F1EE-30E6-4D67-AC21-F444DA6243FF}.Debug|x64.ActiveCfg = Debug|Any CPU
		{C268F1EE-30E6-4D67-AC21-F444DA6243FF}.Debug|x64.Build.0 = Debug|Any CPU
		{C268F1EE-30E6-4D67-AC21-F444DA6243FF}.Debug|x86.ActiveCfg = Debug|Any CPU
		{C268F1EE-30E6-4D67-AC21-F444DA6243FF}.Debug|x86.Build.0 = Debug|Any CPU
		{C268F1EE-30E6-4D67-AC21-F444DA6243FF}.Release|Any CPU.ActiveCfg = Release|Any CPU
		{C268F1EE-30E6-4D67-AC21-F444DA6243FF}.Release|Any CPU.Build.0 = Release|Any CPU
		{C268F1EE-30E6-4D67-AC21-F444DA6243FF}.Release|ARM.ActiveCfg = Release|Any CPU
		{C268F1EE-30E6-4D67-AC21-F444DA6243FF}.Release|ARM.Build.0 = Release|Any CPU
		{C268F1EE-30E6-4D67-AC21-F444DA6243FF}.Release|iPhone.ActiveCfg = Release|Any CPU
		{C268F1EE-30E6-4D67-AC21-F444DA6243FF}.Release|iPhone.Build.0 = Release|Any CPU
		{C268F1EE-30E6-4D67-AC21-F444DA6243FF}.Release|iPhoneSimulator.ActiveCfg = Release|Any CPU
		{C268F1EE-30E6-4D67-AC21-F444DA6243FF}.Release|iPhoneSimulator.Build.0 = Release|Any CPU
		{C268F1EE-30E6-4D67-AC21-F444DA6243FF}.Release|x64.ActiveCfg = Release|Any CPU
		{C268F1EE-30E6-4D67-AC21-F444DA6243FF}.Release|x64.Build.0 = Release|Any CPU
		{C268F1EE-30E6-4D67-AC21-F444DA6243FF}.Release|x86.ActiveCfg = Release|Any CPU
		{C268F1EE-30E6-4D67-AC21-F444DA6243FF}.Release|x86.Build.0 = Release|Any CPU
	EndGlobalSection
	GlobalSection(SolutionProperties) = preSolution
		HideSolutionNode = FALSE
	EndGlobalSection
	GlobalSection(NestedProjects) = preSolution
		{53373F7B-F2BF-4C39-B183-FE1496071C8E} = {DAAE482F-C3D6-420F-A291-7CF00A7B59D9}
		{F08CF0F7-1E30-46AE-9C4B-14DF8499142C} = {DAAE482F-C3D6-420F-A291-7CF00A7B59D9}
		{FCA16862-00A1-4106-B840-54690E750138} = {DAAE482F-C3D6-420F-A291-7CF00A7B59D9}
	EndGlobalSection
EndGlobal
